
Microsoft Visual Studio Solution File, Format Version 12.00
# Visual Studio Version 16
VisualStudioVersion = 25.0.1703.7
MinimumVisualStudioVersion = 10.0.40219.1
Project("{FAE04EC0-301F-11D3-BF4B-00C04F79EFBC}") = "Scraper", "Scraper.csproj", "{FE88FC91-C70F-4D43-89C6-DD8E788D1923}"
EndProject
Project("{FAE04EC0-301F-11D3-BF4B-00C04F79EFBC}") = "ScraperTests", "..\ScraperTests\ScraperTests.csproj", "{DA8CC542-7BF2-45A7-B6FD-9955E990BBE1}"
EndProject
Global
	GlobalSection(SolutionConfigurationPlatforms) = preSolution
		Debug|Any CPU = Debug|Any CPU
		Release|Any CPU = Release|Any CPU
	EndGlobalSection
	GlobalSection(ProjectConfigurationPlatforms) = postSolution
		{FE88FC91-C70F-4D43-89C6-DD8E788D1923}.Debug|Any CPU.ActiveCfg = Debug|Any CPU
		{FE88FC91-C70F-4D43-89C6-DD8E788D1923}.Debug|Any CPU.Build.0 = Debug|Any CPU
		{FE88FC91-C70F-4D43-89C6-DD8E788D1923}.Release|Any CPU.ActiveCfg = Release|Any CPU
		{FE88FC91-C70F-4D43-89C6-DD8E788D1923}.Release|Any CPU.Build.0 = Release|Any CPU
		{DA8CC542-7BF2-45A7-B6FD-9955E990BBE1}.Debug|Any CPU.ActiveCfg = Debug|Any CPU
		{DA8CC542-7BF2-45A7-B6FD-9955E990BBE1}.Debug|Any CPU.Build.0 = Debug|Any CPU
		{DA8CC542-7BF2-45A7-B6FD-9955E990BBE1}.Release|Any CPU.ActiveCfg = Release|Any CPU
		{DA8CC542-7BF2-45A7-B6FD-9955E990BBE1}.Release|Any CPU.Build.0 = Release|Any CPU
	EndGlobalSection
	GlobalSection(SolutionProperties) = preSolution
		HideSolutionNode = FALSE
	EndGlobalSection
	GlobalSection(ExtensibilityGlobals) = postSolution
		SolutionGuid = {CAEEDA5F-E8DB-417E-B8D2-FA14B4A99727}
	EndGlobalSection
EndGlobal
