
Microsoft Visual Studio Solution File, Format Version 12.00
# Visual Studio Version 17
VisualStudioVersion = 17.0.31611.283
MinimumVisualStudioVersion = 10.0.40219.1
Project("{9A19103F-16F7-4668-BE54-9A1E7A4F7556}") = "BlazeCart", "BlazeCart\BlazeCart.csproj", "{51ABB9CD-18AF-4BB5-BF3C-595437700555}"
EndProject
Project("{9A19103F-16F7-4668-BE54-9A1E7A4F7556}") = "Scraper", "Scraper\Scraper.csproj", "{0DFF0B66-6A81-45CE-ADDF-D1399FC6EF89}"
EndProject
Project("{9A19103F-16F7-4668-BE54-9A1E7A4F7556}") = "Api", "Api\Api.csproj", "{611418AD-5952-41C7-AB92-B35D5FCC4B73}"
EndProject
Project("{9A19103F-16F7-4668-BE54-9A1E7A4F7556}") = "Models", "Models\Models.csproj", "{C3432E62-329E-4920-9537-F8CD82E0553C}"
EndProject
Project("{9A19103F-16F7-4668-BE54-9A1E7A4F7556}") = "DB", "DB\DB.csproj", "{3137C917-88ED-40AB-A4B1-E3D6209B731E}"
EndProject
Project("{9A19103F-16F7-4668-BE54-9A1E7A4F7556}") = "ScraperFunction", "ScraperFunction\ScraperFunction.csproj", "{B7C3C145-CF56-4650-BCD7-377C0AA67F82}"
EndProject
Project("{9A19103F-16F7-4668-BE54-9A1E7A4F7556}") = "Tests", "Tests1\Tests.csproj", "{F7D4927C-942F-45D6-9479-39A59D67A783}"
EndProject
Project("{9A19103F-16F7-4668-BE54-9A1E7A4F7556}") = "Common", "Common\Common.csproj", "{A3D373DB-17C5-407C-B26D-AB1028F29714}"
EndProject
Global
	GlobalSection(SolutionConfigurationPlatforms) = preSolution
		Debug|Any CPU = Debug|Any CPU
		Debug|x86 = Debug|x86
		Release|Any CPU = Release|Any CPU
		Release|x86 = Release|x86
	EndGlobalSection
	GlobalSection(ProjectConfigurationPlatforms) = postSolution
		{51ABB9CD-18AF-4BB5-BF3C-595437700555}.Debug|Any CPU.ActiveCfg = Debug|Any CPU
		{51ABB9CD-18AF-4BB5-BF3C-595437700555}.Debug|Any CPU.Build.0 = Debug|Any CPU
		{51ABB9CD-18AF-4BB5-BF3C-595437700555}.Debug|Any CPU.Deploy.0 = Debug|Any CPU
		{51ABB9CD-18AF-4BB5-BF3C-595437700555}.Debug|x86.ActiveCfg = Debug|x86
		{51ABB9CD-18AF-4BB5-BF3C-595437700555}.Debug|x86.Build.0 = Debug|x86
		{51ABB9CD-18AF-4BB5-BF3C-595437700555}.Debug|x86.Deploy.0 = Debug|x86
		{51ABB9CD-18AF-4BB5-BF3C-595437700555}.Release|Any CPU.ActiveCfg = Release|Any CPU
		{51ABB9CD-18AF-4BB5-BF3C-595437700555}.Release|Any CPU.Build.0 = Release|Any CPU
		{51ABB9CD-18AF-4BB5-BF3C-595437700555}.Release|Any CPU.Deploy.0 = Release|Any CPU
		{51ABB9CD-18AF-4BB5-BF3C-595437700555}.Release|x86.ActiveCfg = Release|x86
		{51ABB9CD-18AF-4BB5-BF3C-595437700555}.Release|x86.Build.0 = Release|x86
		{51ABB9CD-18AF-4BB5-BF3C-595437700555}.Release|x86.Deploy.0 = Release|x86
		{0DFF0B66-6A81-45CE-ADDF-D1399FC6EF89}.Debug|Any CPU.ActiveCfg = Debug|Any CPU
		{0DFF0B66-6A81-45CE-ADDF-D1399FC6EF89}.Debug|Any CPU.Build.0 = Debug|Any CPU
		{0DFF0B66-6A81-45CE-ADDF-D1399FC6EF89}.Debug|x86.ActiveCfg = Debug|Any CPU
		{0DFF0B66-6A81-45CE-ADDF-D1399FC6EF89}.Debug|x86.Build.0 = Debug|Any CPU
		{0DFF0B66-6A81-45CE-ADDF-D1399FC6EF89}.Release|Any CPU.ActiveCfg = Release|Any CPU
		{0DFF0B66-6A81-45CE-ADDF-D1399FC6EF89}.Release|Any CPU.Build.0 = Release|Any CPU
		{0DFF0B66-6A81-45CE-ADDF-D1399FC6EF89}.Release|x86.ActiveCfg = Release|Any CPU
		{0DFF0B66-6A81-45CE-ADDF-D1399FC6EF89}.Release|x86.Build.0 = Release|Any CPU
		{611418AD-5952-41C7-AB92-B35D5FCC4B73}.Debug|Any CPU.ActiveCfg = Debug|Any CPU
		{611418AD-5952-41C7-AB92-B35D5FCC4B73}.Debug|Any CPU.Build.0 = Debug|Any CPU
		{611418AD-5952-41C7-AB92-B35D5FCC4B73}.Debug|x86.ActiveCfg = Debug|Any CPU
		{611418AD-5952-41C7-AB92-B35D5FCC4B73}.Debug|x86.Build.0 = Debug|Any CPU
		{611418AD-5952-41C7-AB92-B35D5FCC4B73}.Release|Any CPU.ActiveCfg = Release|Any CPU
		{611418AD-5952-41C7-AB92-B35D5FCC4B73}.Release|Any CPU.Build.0 = Release|Any CPU
		{611418AD-5952-41C7-AB92-B35D5FCC4B73}.Release|x86.ActiveCfg = Release|Any CPU
		{611418AD-5952-41C7-AB92-B35D5FCC4B73}.Release|x86.Build.0 = Release|Any CPU
		{C3432E62-329E-4920-9537-F8CD82E0553C}.Debug|Any CPU.ActiveCfg = Debug|Any CPU
		{C3432E62-329E-4920-9537-F8CD82E0553C}.Debug|Any CPU.Build.0 = Debug|Any CPU
		{C3432E62-329E-4920-9537-F8CD82E0553C}.Debug|x86.ActiveCfg = Debug|Any CPU
		{C3432E62-329E-4920-9537-F8CD82E0553C}.Debug|x86.Build.0 = Debug|Any CPU
		{C3432E62-329E-4920-9537-F8CD82E0553C}.Release|Any CPU.ActiveCfg = Release|Any CPU
		{C3432E62-329E-4920-9537-F8CD82E0553C}.Release|Any CPU.Build.0 = Release|Any CPU
		{C3432E62-329E-4920-9537-F8CD82E0553C}.Release|x86.ActiveCfg = Release|Any CPU
		{C3432E62-329E-4920-9537-F8CD82E0553C}.Release|x86.Build.0 = Release|Any CPU
		{3137C917-88ED-40AB-A4B1-E3D6209B731E}.Debug|Any CPU.ActiveCfg = Debug|Any CPU
		{3137C917-88ED-40AB-A4B1-E3D6209B731E}.Debug|Any CPU.Build.0 = Debug|Any CPU
		{3137C917-88ED-40AB-A4B1-E3D6209B731E}.Debug|x86.ActiveCfg = Debug|Any CPU
		{3137C917-88ED-40AB-A4B1-E3D6209B731E}.Debug|x86.Build.0 = Debug|Any CPU
		{3137C917-88ED-40AB-A4B1-E3D6209B731E}.Release|Any CPU.ActiveCfg = Release|Any CPU
		{3137C917-88ED-40AB-A4B1-E3D6209B731E}.Release|Any CPU.Build.0 = Release|Any CPU
		{3137C917-88ED-40AB-A4B1-E3D6209B731E}.Release|x86.ActiveCfg = Release|Any CPU
		{3137C917-88ED-40AB-A4B1-E3D6209B731E}.Release|x86.Build.0 = Release|Any CPU
		{B7C3C145-CF56-4650-BCD7-377C0AA67F82}.Debug|Any CPU.ActiveCfg = Debug|Any CPU
		{B7C3C145-CF56-4650-BCD7-377C0AA67F82}.Debug|Any CPU.Build.0 = Debug|Any CPU
		{B7C3C145-CF56-4650-BCD7-377C0AA67F82}.Debug|x86.ActiveCfg = Debug|Any CPU
		{B7C3C145-CF56-4650-BCD7-377C0AA67F82}.Debug|x86.Build.0 = Debug|Any CPU
		{B7C3C145-CF56-4650-BCD7-377C0AA67F82}.Release|Any CPU.ActiveCfg = Release|Any CPU
		{B7C3C145-CF56-4650-BCD7-377C0AA67F82}.Release|Any CPU.Build.0 = Release|Any CPU
		{B7C3C145-CF56-4650-BCD7-377C0AA67F82}.Release|x86.ActiveCfg = Release|Any CPU
		{B7C3C145-CF56-4650-BCD7-377C0AA67F82}.Release|x86.Build.0 = Release|Any CPU
		{F7D4927C-942F-45D6-9479-39A59D67A783}.Debug|Any CPU.ActiveCfg = Debug|Any CPU
		{F7D4927C-942F-45D6-9479-39A59D67A783}.Debug|Any CPU.Build.0 = Debug|Any CPU
		{F7D4927C-942F-45D6-9479-39A59D67A783}.Debug|x86.ActiveCfg = Debug|Any CPU
		{F7D4927C-942F-45D6-9479-39A59D67A783}.Debug|x86.Build.0 = Debug|Any CPU
		{F7D4927C-942F-45D6-9479-39A59D67A783}.Release|Any CPU.ActiveCfg = Release|Any CPU
		{F7D4927C-942F-45D6-9479-39A59D67A783}.Release|Any CPU.Build.0 = Release|Any CPU
		{F7D4927C-942F-45D6-9479-39A59D67A783}.Release|x86.ActiveCfg = Release|Any CPU
		{F7D4927C-942F-45D6-9479-39A59D67A783}.Release|x86.Build.0 = Release|Any CPU
		{A3D373DB-17C5-407C-B26D-AB1028F29714}.Debug|Any CPU.ActiveCfg = Debug|Any CPU
		{A3D373DB-17C5-407C-B26D-AB1028F29714}.Debug|Any CPU.Build.0 = Debug|Any CPU
		{A3D373DB-17C5-407C-B26D-AB1028F29714}.Debug|x86.ActiveCfg = Debug|Any CPU
		{A3D373DB-17C5-407C-B26D-AB1028F29714}.Debug|x86.Build.0 = Debug|Any CPU
		{A3D373DB-17C5-407C-B26D-AB1028F29714}.Release|Any CPU.ActiveCfg = Release|Any CPU
		{A3D373DB-17C5-407C-B26D-AB1028F29714}.Release|Any CPU.Build.0 = Release|Any CPU
		{A3D373DB-17C5-407C-B26D-AB1028F29714}.Release|x86.ActiveCfg = Release|Any CPU
		{A3D373DB-17C5-407C-B26D-AB1028F29714}.Release|x86.Build.0 = Release|Any CPU
	EndGlobalSection
	GlobalSection(SolutionProperties) = preSolution
		HideSolutionNode = FALSE
	EndGlobalSection
	GlobalSection(ExtensibilityGlobals) = postSolution
		SolutionGuid = {61F7FB11-1E47-470C-91E2-47F8143E1572}
	EndGlobalSection
EndGlobal
